
Microsoft Visual Studio Solution File, Format Version 12.00
# Visual Studio Version 16
VisualStudioVersion = 16.0.30907.101
MinimumVisualStudioVersion = 10.0.40219.1
Project("{9A19103F-16F7-4668-BE54-9A1E7A4F7556}") = "Key", "Key\Key.csproj", "{7D7FDF20-3C6E-46B0-899E-0FE8BCD6448E}"
EndProject
Global
	GlobalSection(SolutionConfigurationPlatforms) = preSolution
		Debug|Any CPU = Debug|Any CPU
		Release|Any CPU = Release|Any CPU
	EndGlobalSection
	GlobalSection(ProjectConfigurationPlatforms) = postSolution
		{7D7FDF20-3C6E-46B0-899E-0FE8BCD6448E}.Debug|Any CPU.ActiveCfg = Debug|Any CPU
		{7D7FDF20-3C6E-46B0-899E-0FE8BCD6448E}.Debug|Any CPU.Build.0 = Debug|Any CPU
		{7D7FDF20-3C6E-46B0-899E-0FE8BCD6448E}.Release|Any CPU.ActiveCfg = Release|Any CPU
		{7D7FDF20-3C6E-46B0-899E-0FE8BCD6448E}.Release|Any CPU.Build.0 = Release|Any CPU
	EndGlobalSection
	GlobalSection(SolutionProperties) = preSolution
		HideSolutionNode = FALSE
	EndGlobalSection
	GlobalSection(ExtensibilityGlobals) = postSolution
		SolutionGuid = {798B2A42-3A71-45BB-B883-76C709A0B762}
	EndGlobalSection
EndGlobal
